PATH
  remote: .
  specs:
    dtext_rb (1.13.0)

GEM
  remote: https://rubygems.org/
  specs:
    benchmark-ips (2.15.1)
    cgi (0.5.2)
    drb (2.2.3)
    minitest (6.0.6)
      drb (~> 2.0)
      prism (~> 1.5)
    prism (1.9.0)
    rake (13.4.2)

PLATFORMS
  ruby

DEPENDENCIES
  benchmark-ips (~> 2.10)
  cgi (~> 0.5)
  dtext_rb!
  minitest (~> 6)
  rake (~> 13)

CHECKSUMS
  benchmark-ips (2.15.1) sha256=07a1a9f3c6105ecaf68c174fc3fbcddd71a0e9ada6236ae03093a0dcfd812d59
  cgi (0.5.2) sha256=61ca30298171190fd4fa0d8018e57ada456eae9b7a2b78526debf7f0a0e6f8bb
  drb (2.2.3) sha256=0b00d6fdb50995fe4a45dea13663493c841112e4068656854646f418fda13373
  dtext_rb (1.13.0)
  minitest (6.0.6) sha256=153ea36d1d987a62942382b61075745042a2b3123b1cd48f4c3675af9cc7d6f1
  prism (1.9.0) sha256=7b530c6a9f92c24300014919c9dcbc055bf4cdf51ec30aed099b06cd6674ef85
  rake (13.4.2) sha256=cb825b2bd5f1f8e91ca37bddb4b9aaf345551b4731da62949be002fa89283701

BUNDLED WITH
  4.0.9
